
Microsoft Visual Studio Solution File, Format Version 12.00
# Visual Studio 2017
Project("{FAE04EC0-301F-11D3-BF4B-00C04F79EFBC}") = "Shader_Learning", "Shader_Learning.csproj", "{B77D5DDE-6FD3-AD9F-4D9A-2D46AD63217C}"
EndProject
Project("{FAE04EC0-301F-11D3-BF4B-00C04F79EFBC}") = "Shader_Learning.Editor", "Shader_Learning.Editor.csproj", "{90134357-C391-8AC4-FB67-B73E0280F4A2}"
EndProject
Global
	GlobalSection(SolutionConfigurationPlatforms) = preSolution
		Debug|Any CPU = Debug|Any CPU
		Release|Any CPU = Release|Any CPU
	EndGlobalSection
	GlobalSection(ProjectConfigurationPlatforms) = postSolution
		{B77D5DDE-6FD3-AD9F-4D9A-2D46AD63217C}.Debug|Any CPU.ActiveCfg = Debug|Any CPU
		{B77D5DDE-6FD3-AD9F-4D9A-2D46AD63217C}.Debug|Any CPU.Build.0 = Debug|Any CPU
		{B77D5DDE-6FD3-AD9F-4D9A-2D46AD63217C}.Release|Any CPU.ActiveCfg = Release|Any CPU
		{B77D5DDE-6FD3-AD9F-4D9A-2D46AD63217C}.Release|Any CPU.Build.0 = Release|Any CPU
		{90134357-C391-8AC4-FB67-B73E0280F4A2}.Debug|Any CPU.ActiveCfg = Debug|Any CPU
		{90134357-C391-8AC4-FB67-B73E0280F4A2}.Debug|Any CPU.Build.0 = Debug|Any CPU
		{90134357-C391-8AC4-FB67-B73E0280F4A2}.Release|Any CPU.ActiveCfg = Release|Any CPU
		{90134357-C391-8AC4-FB67-B73E0280F4A2}.Release|Any CPU.Build.0 = Release|Any CPU
	EndGlobalSection
	GlobalSection(SolutionProperties) = preSolution
		HideSolutionNode = FALSE
	EndGlobalSection
EndGlobal
